
Microsoft Visual Studio Solution File, Format Version 12.00
# Visual Studio Version 16
VisualStudioVersion = 16.0.31729.503
MinimumVisualStudioVersion = 10.0.40219.1
Project("{FAE04EC0-301F-11D3-BF4B-00C04F79EFBC}") = "Penilaian Week 2", "Penilaian Week 2\Penilaian Week 2.csproj", "{BFCBA5B9-19FE-43BC-83C9-F944CC45B6FC}"
EndProject
Global
	GlobalSection(SolutionConfigurationPlatforms) = preSolution
		Debug|Any CPU = Debug|Any CPU
		Release|Any CPU = Release|Any CPU
	EndGlobalSection
	GlobalSection(ProjectConfigurationPlatforms) = postSolution
		{BFCBA5B9-19FE-43BC-83C9-F944CC45B6FC}.Debug|Any CPU.ActiveCfg = Debug|Any CPU
		{BFCBA5B9-19FE-43BC-83C9-F944CC45B6FC}.Debug|Any CPU.Build.0 = Debug|Any CPU
		{BFCBA5B9-19FE-43BC-83C9-F944CC45B6FC}.Release|Any CPU.ActiveCfg = Release|Any CPU
		{BFCBA5B9-19FE-43BC-83C9-F944CC45B6FC}.Release|Any CPU.Build.0 = Release|Any CPU
	EndGlobalSection
	GlobalSection(SolutionProperties) = preSolution
		HideSolutionNode = FALSE
	EndGlobalSection
	GlobalSection(ExtensibilityGlobals) = postSolution
		SolutionGuid = {330EC9F5-0B9F-442E-A9C9-611222FD0B12}
	EndGlobalSection
EndGlobal
